{
  "name": "csmsignin_mobile",
  "version": "1.0.0",
  "lockfileVersion": 3,
  "requires": true,
  "packages": {
    "": {
      "name": "csmsignin_mobile",
      "version": "1.0.0",
      "license": "MIT",
      "dependencies": {
        "@climblee/uv-ui": "^1.1.20",
        "luch-request": "^3.1.1",
        "vue-i18n": "^9.13.1",
        "xstack-for-javascript": "^1.0.6"
      }
    },
    "node_modules/@babel/parser": {
      "version": "7.24.8",
      "resolved": "https://registry.npmjs.org/@babel/parser/-/parser-7.24.8.tgz",
      "integrity": "sha512-WzfbgXOkGzZiXXCqk43kKwZjzwx4oulxZi3nq2TYL9mOjQv6kYwul9mz6ID36njuL7Xkp6nJEfok848Zj10j/w==",
      "license": "MIT",
      "peer": true,
      "bin": {
        "parser": "bin/babel-parser.js"
      },
      "engines": {
        "node": ">=6.0.0"
      }
    },
    "node_modules/@climblee/uv-ui": {
      "version": "1.1.20",
      "resolved": "https://registry.npmjs.org/@climblee/uv-ui/-/uv-ui-1.1.20.tgz",
      "integrity": "sha512-jkyesHJsPJkF4Nap9ZmG1/ibKlxXA5M8+ntqKXwwloIsYSYL5SOKb0gyPj17aBOU1PkJpmeiZ8PwnTolhK2/HA==",
      "license": "ISC"
    },
    "node_modules/@dcloudio/types": {
      "version": "2.6.12",
      "resolved": "https://registry.npmjs.org/@dcloudio/types/-/types-2.6.12.tgz",
      "integrity": "sha512-mrCMwcINy1IFjU9VUqLeWBkj404yWs5paLDttBcA+eqUjanuUQbBcTVPqlrGgkyzLXDcV2oDDZRSNxNpXi4kMQ==",
      "license": "Apache-2.0"
    },
    "node_modules/@intlify/core-base": {
      "version": "9.13.1",
      "resolved": "https://registry.npmjs.org/@intlify/core-base/-/core-base-9.13.1.tgz",
      "integrity": "sha512-+bcQRkJO9pcX8d0gel9ZNfrzU22sZFSA0WVhfXrf5jdJOS24a+Bp8pozuS9sBI9Hk/tGz83pgKfmqcn/Ci7/8w==",
      "license": "MIT",
      "dependencies": {
        "@intlify/message-compiler": "9.13.1",
        "@intlify/shared": "9.13.1"
      },
      "engines": {
        "node": ">= 16"
      },
      "funding": {
        "url": "https://github.com/sponsors/kazupon"
      }
    },
    "node_modules/@intlify/message-compiler": {
      "version": "9.13.1",
      "resolved": "https://registry.npmjs.org/@intlify/message-compiler/-/message-compiler-9.13.1.tgz",
      "integrity": "sha512-SKsVa4ajYGBVm7sHMXd5qX70O2XXjm55zdZB3VeMFCvQyvLew/dLvq3MqnaIsTMF1VkkOb9Ttr6tHcMlyPDL9w==",
      "license": "MIT",
      "dependencies": {
        "@intlify/shared": "9.13.1",
        "source-map-js": "^1.0.2"
      },
      "engines": {
        "node": ">= 16"
      },
      "funding": {
        "url": "https://github.com/sponsors/kazupon"
      }
    },
    "node_modules/@intlify/shared": {
      "version": "9.13.1",
      "resolved": "https://registry.npmjs.org/@intlify/shared/-/shared-9.13.1.tgz",
      "integrity": "sha512-u3b6BKGhE6j/JeRU6C/RL2FgyJfy6LakbtfeVF8fJXURpZZTzfh3e05J0bu0XPw447Q6/WUp3C4ajv4TMS4YsQ==",
      "license": "MIT",
      "engines": {
        "node": ">= 16"
      },
      "funding": {
        "url": "https://github.com/sponsors/kazupon"
      }
    },
    "node_modules/@jridgewell/sourcemap-codec": {
      "version": "1.5.0",
      "resolved": "https://registry.npmjs.org/@jridgewell/sourcemap-codec/-/sourcemap-codec-1.5.0.tgz",
      "integrity": "sha512-gv3ZRaISU3fjPAgNsriBRqGWQL6quFx04YMPW/zD8XMLsU32mhCCbfbO6KZFLjvYpCZ8zyDEgqsgf+PwPaM7GQ==",
      "license": "MIT",
      "peer": true
    },
    "node_modules/@vue/compiler-core": {
      "version": "3.4.31",
      "resolved": "https://registry.npmjs.org/@vue/compiler-core/-/compiler-core-3.4.31.tgz",
      "integrity": "sha512-skOiodXWTV3DxfDhB4rOf3OGalpITLlgCeOwb+Y9GJpfQ8ErigdBUHomBzvG78JoVE8MJoQsb+qhZiHfKeNeEg==",
      "license": "MIT",
      "peer": true,
      "dependencies": {
        "@babel/parser": "^7.24.7",
        "@vue/shared": "3.4.31",
        "entities": "^4.5.0",
        "estree-walker": "^2.0.2",
        "source-map-js": "^1.2.0"
      }
    },
    "node_modules/@vue/compiler-dom": {
      "version": "3.4.31",
      "resolved": "https://registry.npmjs.org/@vue/compiler-dom/-/compiler-dom-3.4.31.tgz",
      "integrity": "sha512-wK424WMXsG1IGMyDGyLqB+TbmEBFM78hIsOJ9QwUVLGrcSk0ak6zYty7Pj8ftm7nEtdU/DGQxAXp0/lM/2cEpQ==",
      "license": "MIT",
      "peer": true,
      "dependencies": {
        "@vue/compiler-core": "3.4.31",
        "@vue/shared": "3.4.31"
      }
    },
    "node_modules/@vue/compiler-sfc": {
      "version": "3.4.31",
      "resolved": "https://registry.npmjs.org/@vue/compiler-sfc/-/compiler-sfc-3.4.31.tgz",
      "integrity": "sha512-einJxqEw8IIJxzmnxmJBuK2usI+lJonl53foq+9etB2HAzlPjAS/wa7r0uUpXw5ByX3/0uswVSrjNb17vJm1kQ==",
      "license": "MIT",
      "peer": true,
      "dependencies": {
        "@babel/parser": "^7.24.7",
        "@vue/compiler-core": "3.4.31",
        "@vue/compiler-dom": "3.4.31",
        "@vue/compiler-ssr": "3.4.31",
        "@vue/shared": "3.4.31",
        "estree-walker": "^2.0.2",
        "magic-string": "^0.30.10",
        "postcss": "^8.4.38",
        "source-map-js": "^1.2.0"
      }
    },
    "node_modules/@vue/compiler-ssr": {
      "version": "3.4.31",
      "resolved": "https://registry.npmjs.org/@vue/compiler-ssr/-/compiler-ssr-3.4.31.tgz",
      "integrity": "sha512-RtefmITAje3fJ8FSg1gwgDhdKhZVntIVbwupdyZDSifZTRMiWxWehAOTCc8/KZDnBOcYQ4/9VWxsTbd3wT0hAA==",
      "license": "MIT",
      "peer": true,
      "dependencies": {
        "@vue/compiler-dom": "3.4.31",
        "@vue/shared": "3.4.31"
      }
    },
    "node_modules/@vue/devtools-api": {
      "version": "6.6.3",
      "resolved": "https://registry.npmjs.org/@vue/devtools-api/-/devtools-api-6.6.3.tgz",
      "integrity": "sha512-0MiMsFma/HqA6g3KLKn+AGpL1kgKhFWszC9U29NfpWK5LE7bjeXxySWJrOJ77hBz+TBrBQ7o4QJqbPbqbs8rJw==",
      "license": "MIT"
    },
    "node_modules/@vue/reactivity": {
      "version": "3.4.31",
      "resolved": "https://registry.npmjs.org/@vue/reactivity/-/reactivity-3.4.31.tgz",
      "integrity": "sha512-VGkTani8SOoVkZNds1PfJ/T1SlAIOf8E58PGAhIOUDYPC4GAmFA2u/E14TDAFcf3vVDKunc4QqCe/SHr8xC65Q==",
      "license": "MIT",
      "peer": true,
      "dependencies": {
        "@vue/shared": "3.4.31"
      }
    },
    "node_modules/@vue/runtime-core": {
      "version": "3.4.31",
      "resolved": "https://registry.npmjs.org/@vue/runtime-core/-/runtime-core-3.4.31.tgz",
      "integrity": "sha512-LDkztxeUPazxG/p8c5JDDKPfkCDBkkiNLVNf7XZIUnJ+66GVGkP+TIh34+8LtPisZ+HMWl2zqhIw0xN5MwU1cw==",
      "license": "MIT",
      "peer": true,
      "dependencies": {
        "@vue/reactivity": "3.4.31",
        "@vue/shared": "3.4.31"
      }
    },
    "node_modules/@vue/runtime-dom": {
      "version": "3.4.31",
      "resolved": "https://registry.npmjs.org/@vue/runtime-dom/-/runtime-dom-3.4.31.tgz",
      "integrity": "sha512-2Auws3mB7+lHhTFCg8E9ZWopA6Q6L455EcU7bzcQ4x6Dn4cCPuqj6S2oBZgN2a8vJRS/LSYYxwFFq2Hlx3Fsaw==",
      "license": "MIT",
      "peer": true,
      "dependencies": {
        "@vue/reactivity": "3.4.31",
        "@vue/runtime-core": "3.4.31",
        "@vue/shared": "3.4.31",
        "csstype": "^3.1.3"
      }
    },
    "node_modules/@vue/server-renderer": {
      "version": "3.4.31",
      "resolved": "https://registry.npmjs.org/@vue/server-renderer/-/server-renderer-3.4.31.tgz",
      "integrity": "sha512-D5BLbdvrlR9PE3by9GaUp1gQXlCNadIZytMIb8H2h3FMWJd4oUfkUTEH2wAr3qxoRz25uxbTcbqd3WKlm9EHQA==",
      "license": "MIT",
      "peer": true,
      "dependencies": {
        "@vue/compiler-ssr": "3.4.31",
        "@vue/shared": "3.4.31"
      },
      "peerDependencies": {
        "vue": "3.4.31"
      }
    },
    "node_modules/@vue/shared": {
      "version": "3.4.31",
      "resolved": "https://registry.npmjs.org/@vue/shared/-/shared-3.4.31.tgz",
      "integrity": "sha512-Yp3wtJk//8cO4NItOPpi3QkLExAr/aLBGZMmTtW9WpdwBCJpRM6zj9WgWktXAl8IDIozwNMByT45JP3tO3ACWA==",
      "license": "MIT",
      "peer": true
    },
    "node_modules/csstype": {
      "version": "3.1.3",
      "resolved": "https://registry.npmjs.org/csstype/-/csstype-3.1.3.tgz",
      "integrity": "sha512-M1uQkMl8rQK/szD0LNhtqxIPLpimGm8sOBwU7lLnCpSbTyY3yeU1Vc7l4KT5zT4s/yOxHH5O7tIuuLOCnLADRw==",
      "license": "MIT",
      "peer": true
    },
    "node_modules/entities": {
      "version": "4.5.0",
      "resolved": "https://registry.npmjs.org/entities/-/entities-4.5.0.tgz",
      "integrity": "sha512-V0hjH4dGPh9Ao5p0MoRY6BVqtwCjhz6vI5LT8AJ55H+4g9/4vbHx1I54fS0XuclLhDHArPQCiMjDxjaL8fPxhw==",
      "license": "BSD-2-Clause",
      "peer": true,
      "engines": {
        "node": ">=0.12"
      },
      "funding": {
        "url": "https://github.com/fb55/entities?sponsor=1"
      }
    },
    "node_modules/estree-walker": {
      "version": "2.0.2",
      "resolved": "https://registry.npmjs.org/estree-walker/-/estree-walker-2.0.2.tgz",
      "integrity": "sha512-Rfkk/Mp/DL7JVje3u18FxFujQlTNR2q6QfMSMB7AvCBx91NGj/ba3kCfza0f6dVDbw7YlRf/nDrn7pQrCCyQ/w==",
      "license": "MIT",
      "peer": true
    },
    "node_modules/luch-request": {
      "version": "3.1.1",
      "resolved": "https://registry.npmjs.org/luch-request/-/luch-request-3.1.1.tgz",
      "integrity": "sha512-p7+mlcEtgRcd0OfXC4XZbyiwSr1XgCeqNT7LlVUjnk7InYl/8d5Rk7BUqAYNA2WRafI1wRIUQWRWZRpeUwWR0w==",
      "license": "MIT",
      "dependencies": {
        "@dcloudio/types": "^2.0.16"
      }
    },
    "node_modules/magic-string": {
      "version": "0.30.10",
      "resolved": "https://registry.npmjs.org/magic-string/-/magic-string-0.30.10.tgz",
      "integrity": "sha512-iIRwTIf0QKV3UAnYK4PU8uiEc4SRh5jX0mwpIwETPpHdhVM4f53RSwS/vXvN1JhGX+Cs7B8qIq3d6AH49O5fAQ==",
      "license": "MIT",
      "peer": true,
      "dependencies": {
        "@jridgewell/sourcemap-codec": "^1.4.15"
      }
    },
    "node_modules/nanoid": {
      "version": "3.3.7",
      "resolved": "https://registry.npmjs.org/nanoid/-/nanoid-3.3.7.tgz",
      "integrity": "sha512-eSRppjcPIatRIMC1U6UngP8XFcz8MQWGQdt1MTBQ7NaAmvXDfvNxbvWV3x2y6CdEUciCSsDHDQZbhYaB8QEo2g==",
      "funding": [
        {
          "type": "github",
          "url": "https://github.com/sponsors/ai"
        }
      ],
      "license": "MIT",
      "peer": true,
      "bin": {
        "nanoid": "bin/nanoid.cjs"
      },
      "engines": {
        "node": "^10 || ^12 || ^13.7 || ^14 || >=15.0.1"
      }
    },
    "node_modules/picocolors": {
      "version": "1.0.1",
      "resolved": "https://registry.npmjs.org/picocolors/-/picocolors-1.0.1.tgz",
      "integrity": "sha512-anP1Z8qwhkbmu7MFP5iTt+wQKXgwzf7zTyGlcdzabySa9vd0Xt392U0rVmz9poOaBj0uHJKyyo9/upk0HrEQew==",
      "license": "ISC",
      "peer": true
    },
    "node_modules/postcss": {
      "version": "8.4.39",
      "resolved": "https://registry.npmjs.org/postcss/-/postcss-8.4.39.tgz",
      "integrity": "sha512-0vzE+lAiG7hZl1/9I8yzKLx3aR9Xbof3fBHKunvMfOCYAtMhrsnccJY2iTURb9EZd5+pLuiNV9/c/GZJOHsgIw==",
      "funding": [
        {
          "type": "opencollective",
          "url": "https://opencollective.com/postcss/"
        },
        {
          "type": "tidelift",
          "url": "https://tidelift.com/funding/github/npm/postcss"
        },
        {
          "type": "github",
          "url": "https://github.com/sponsors/ai"
        }
      ],
      "license": "MIT",
      "peer": true,
      "dependencies": {
        "nanoid": "^3.3.7",
        "picocolors": "^1.0.1",
        "source-map-js": "^1.2.0"
      },
      "engines": {
        "node": "^10 || ^12 || >=14"
      }
    },
    "node_modules/source-map-js": {
      "version": "1.2.0",
      "resolved": "https://registry.npmjs.org/source-map-js/-/source-map-js-1.2.0.tgz",
      "integrity": "sha512-itJW8lvSA0TXEphiRoawsCksnlf8SyvmFzIhltqAHluXd88pkCd+cXJVHTDwdCr0IzwptSm035IHQktUu1QUMg==",
      "license": "BSD-3-Clause",
      "engines": {
        "node": ">=0.10.0"
      }
    },
    "node_modules/vue": {
      "version": "3.4.31",
      "resolved": "https://registry.npmjs.org/vue/-/vue-3.4.31.tgz",
      "integrity": "sha512-njqRrOy7W3YLAlVqSKpBebtZpDVg21FPoaq1I7f/+qqBThK9ChAIjkRWgeP6Eat+8C+iia4P3OYqpATP21BCoQ==",
      "license": "MIT",
      "peer": true,
      "dependencies": {
        "@vue/compiler-dom": "3.4.31",
        "@vue/compiler-sfc": "3.4.31",
        "@vue/runtime-dom": "3.4.31",
        "@vue/server-renderer": "3.4.31",
        "@vue/shared": "3.4.31"
      },
      "peerDependencies": {
        "typescript": "*"
      },
      "peerDependenciesMeta": {
        "typescript": {
          "optional": true
        }
      }
    },
    "node_modules/vue-i18n": {
      "version": "9.13.1",
      "resolved": "https://registry.npmjs.org/vue-i18n/-/vue-i18n-9.13.1.tgz",
      "integrity": "sha512-mh0GIxx0wPtPlcB1q4k277y0iKgo25xmDPWioVVYanjPufDBpvu5ySTjP5wOrSvlYQ2m1xI+CFhGdauv/61uQg==",
      "license": "MIT",
      "dependencies": {
        "@intlify/core-base": "9.13.1",
        "@intlify/shared": "9.13.1",
        "@vue/devtools-api": "^6.5.0"
      },
      "engines": {
        "node": ">= 16"
      },
      "funding": {
        "url": "https://github.com/sponsors/kazupon"
      },
      "peerDependencies": {
        "vue": "^3.0.0"
      }
    },
    "node_modules/xstack-for-javascript": {
      "version": "1.0.6",
      "resolved": "https://registry.npmjs.org/xstack-for-javascript/-/xstack-for-javascript-1.0.6.tgz",
      "integrity": "sha512-iMwgzh3W1TyZqpmY+S8h3L09QVWisTplyIG7k3lICUW8Plz7OEhu/W+InEMbTpibSeBR80ofn0TCK0l59NfCCg==",
      "license": "MIT"
    }
  }
}
